
Microsoft Visual Studio Solution File, Format Version 12.00
# Visual Studio Version 17
VisualStudioVersion = 17.0.32112.339
MinimumVisualStudioVersion = 10.0.40219.1
Project("{FAE04EC0-301F-11D3-BF4B-00C04F79EFBC}") = "Animal Race", "Animal Race\Animal Race.csproj", "{DE55C99F-F2DC-4A33-A492-188508561340}"
EndProject
Global
	GlobalSection(SolutionConfigurationPlatforms) = preSolution
		Debug|Any CPU = Debug|Any CPU
		Release|Any CPU = Release|Any CPU
	EndGlobalSection
	GlobalSection(ProjectConfigurationPlatforms) = postSolution
		{DE55C99F-F2DC-4A33-A492-188508561340}.Debug|Any CPU.ActiveCfg = Debug|Any CPU
		{DE55C99F-F2DC-4A33-A492-188508561340}.Debug|Any CPU.Build.0 = Debug|Any CPU
		{DE55C99F-F2DC-4A33-A492-188508561340}.Release|Any CPU.ActiveCfg = Release|Any CPU
		{DE55C99F-F2DC-4A33-A492-188508561340}.Release|Any CPU.Build.0 = Release|Any CPU
	EndGlobalSection
	GlobalSection(SolutionProperties) = preSolution
		HideSolutionNode = FALSE
	EndGlobalSection
	GlobalSection(ExtensibilityGlobals) = postSolution
		SolutionGuid = {32338C8B-395E-4631-B9A6-CC56E9F12C7D}
	EndGlobalSection
EndGlobal
